PODS:
  - Alamofire (5.8.1)
  - Differentiator (5.0.0)
  - KakaoSDKAuth (2.19.0):
    - KakaoSDKCommon (= 2.19.0)
  - KakaoSDKCommon (2.19.0):
    - KakaoSDKCommon/Common (= 2.19.0)
    - KakaoSDKCommon/Network (= 2.19.0)
  - KakaoSDKCommon/Common (2.19.0)
  - KakaoSDKCommon/Network (2.19.0):
    - Alamofire (~> 5.1)
    - KakaoSDKCommon/Common (= 2.19.0)
  - KakaoSDKUser (2.19.0):
    - KakaoSDKAuth (= 2.19.0)
  - ObjectMapper (4.4.2)
  - Realm (10.49.1):
    - Realm/Headers (= 10.49.1)
  - Realm/Headers (10.49.1)
  - RealmSwift (10.49.1):
    - Realm (= 10.49.1)
  - RxAlamofire (6.1.1):
    - RxAlamofire/Core (= 6.1.1)
  - RxAlamofire/Core (6.1.1):
    - Alamofire (~> 5.4)
    - RxSwift (~> 6.0)
  - RxCocoa (6.6.0):
    - RxRelay (= 6.6.0)
    - RxSwift (= 6.6.0)
  - RxDataSources (5.0.0):
    - Differentiator (~> 5.0)
    - RxCocoa (~> 6.0)
    - RxSwift (~> 6.0)
  - RxGesture (4.0.4):
    - RxCocoa (~> 6.0)
    - RxSwift (~> 6.0)
  - RxKakaoSDKAuth (2.19.0):
    - KakaoSDKAuth (= 2.19.0)
    - RxKakaoSDKCommon (= 2.19.0)
  - RxKakaoSDKCommon (2.19.0):
    - RxKakaoSDKCommon/Common (= 2.19.0)
    - RxKakaoSDKCommon/Network (= 2.19.0)
  - RxKakaoSDKCommon/Common (2.19.0):
    - KakaoSDKCommon/Common (= 2.19.0)
    - RxCocoa
    - RxSwift (~> 6.0)
  - RxKakaoSDKCommon/Network (2.19.0):
    - KakaoSDKCommon/Network (= 2.19.0)
    - RxAlamofire (~> 6.0)
    - RxKakaoSDKCommon/Common (= 2.19.0)
  - RxKakaoSDKUser (2.19.0):
    - KakaoSDKUser (= 2.19.0)
    - RxKakaoSDKAuth (= 2.19.0)
  - RxRelay (6.6.0):
    - RxSwift (= 6.6.0)
  - RxSwift (6.6.0)
  - SnapKit (5.6.0)
  - SwiftSoup (2.6.1)

DEPENDENCIES:
  - KakaoSDKAuth
  - KakaoSDKUser
  - ObjectMapper
  - RealmSwift
  - RxCocoa
  - RxDataSources
  - RxGesture
  - RxKakaoSDKAuth
  - RxKakaoSDKCommon
  - RxKakaoSDKUser
  - RxSwift
  - SnapKit
  - SwiftSoup

SPEC REPOS:
  trunk:
    - Alamofire
    - Differentiator
    - KakaoSDKAuth
    - KakaoSDKCommon
    - KakaoSDKUser
    - ObjectMapper
    - Realm
    - RealmSwift
    - RxAlamofire
    - RxCocoa
    - RxDataSources
    - RxGesture
    - RxKakaoSDKAuth
    - RxKakaoSDKCommon
    - RxKakaoSDKUser
    - RxRelay
    - RxSwift
    - SnapKit
    - SwiftSoup

SPEC CHECKSUMS:
  Alamofire: 3ca42e259043ee0dc5c0cdd76c4bc568b8e42af7
  Differentiator: e8497ceab83c1b10ca233716d547b9af21b9344d
  KakaoSDKAuth: a1b4c416e54fbfdf086db8591405a17f88ffea64
  KakaoSDKCommon: d642a52ccf618036478643694212c072d5eceea6
  KakaoSDKUser: f21d7c3baf7cf2d08784cafc97aa9d49f2141624
  ObjectMapper: e6e4d91ff7f2861df7aecc536c92d8363f4c9677
  Realm: 1fab4a224fd7a294eca142a0efe8b54546290fbf
  RealmSwift: 7c3a9c001161eb01b96b171ad965a9c498b962b0
  RxAlamofire: beb75a1c452d0de225651db4903f5d29d034a620
  RxCocoa: 44a80de90e25b739b5aeaae3c8c371a32e3343cc
  RxDataSources: aa47cc1ed6c500fa0dfecac5c979b723542d79cf
  RxGesture: f3efb47ed2d26a8082f7b660d4a59970e275a7f8
  RxKakaoSDKAuth: 45b863d2d50dfb0f8182cdf872898e8df0c95765
  RxKakaoSDKCommon: 780ffe181fc153f52e87b3598b3add84f9416709
  RxKakaoSDKUser: 29e2e302ffe1cd2511fe101d1eb43f2f7a7a71c1
  RxRelay: 45eaa5db8ee4fb50e5ebd57deec0159e97fa51e6
  RxSwift: a4b44f7d24599f674deebd1818eab82e58410632
  SnapKit: e01d52ebb8ddbc333eefe2132acf85c8227d9c25
  SwiftSoup: 5dd2c1b06afc964f30d99894af6ede22ede627aa

PODFILE CHECKSUM: e861d5cb73e0c8173b1323a11c9b146d82ae367b

COCOAPODS: 1.15.2
