// !$*UTF8*$!
{
	archiveVersion = 1;
	classes = {
	};
	objectVersion = 56;
	objects = {

/* Begin PBXBuildFile section */
		13A095FB4AB82DD40E8B6566 /* Pods_WorldPang_WorldPangUITests.framework in Frameworks */ = {isa = PBXBuildFile; fileRef = 973A795AC7EAA98C88C2FEC8 /* Pods_WorldPang_WorldPangUITests.framework */; };
		A02F1C5BA456EC81229B09C4 /* Pods_WorldPang.framework in Frameworks */ = {isa = PBXBuildFile; fileRef = 632E01D0F254E3AE5B24E07D /* Pods_WorldPang.framework */; };
		A4F2DBE5806E4EC8FA29511B /* Pods_WorldPangTests.framework in Frameworks */ = {isa = PBXBuildFile; fileRef = D1E6EE99A6DCFBC0E911354D /* Pods_WorldPangTests.framework */; };
		B50EBDE02AEFB496007E8D6A /* VocaDetail.swift in Sources */ = {isa = PBXBuildFile; fileRef = B50EBDDF2AEFB496007E8D6A /* VocaDetail.swift */; };
		B50EBDE32AEFB54D007E8D6A /* BasicVoca.json in Resources */ = {isa = PBXBuildFile; fileRef = B50EBDE22AEFB54D007E8D6A /* BasicVoca.json */; };
		B50EBDE52AEFD941007E8D6A /* QuizViewController.swift in Sources */ = {isa = PBXBuildFile; fileRef = B50EBDE42AEFD941007E8D6A /* QuizViewController.swift */; };
		B50EBDE92AEFDA4E007E8D6A /* ARViewModel.swift in Sources */ = {isa = PBXBuildFile; fileRef = B50EBDE82AEFDA4E007E8D6A /* ARViewModel.swift */; };
		B50EBDEC2AEFECE0007E8D6A /* QuizCell.swift in Sources */ = {isa = PBXBuildFile; fileRef = B50EBDEB2AEFECE0007E8D6A /* QuizCell.swift */; };
		B50EBDF22AF15835007E8D6A /* UIImage+Extension.swift in Sources */ = {isa = PBXBuildFile; fileRef = B50EBDF12AF15835007E8D6A /* UIImage+Extension.swift */; };
		B50EBDF82AF1625D007E8D6A /* UIDevice+Extension.swift in Sources */ = {isa = PBXBuildFile; fileRef = B50EBDF72AF1625D007E8D6A /* UIDevice+Extension.swift */; };
		B519FF402ADCCEAD000FACAB /* VocaListViewController.swift in Sources */ = {isa = PBXBuildFile; fileRef = B519FF3F2ADCCEAD000FACAB /* VocaListViewController.swift */; };
		B519FF422ADCCEB5000FACAB /* VocaListViewModel.swift in Sources */ = {isa = PBXBuildFile; fileRef = B519FF412ADCCEB5000FACAB /* VocaListViewModel.swift */; };
		B52E44512ABFEAAC001135BC /* ARViewController.swift in Sources */ = {isa = PBXBuildFile; fileRef = B52E44502ABFEAAC001135BC /* ARViewController.swift */; };
		B52E44542AC0229A001135BC /* PagerCell.swift in Sources */ = {isa = PBXBuildFile; fileRef = B52E44532AC0229A001135BC /* PagerCell.swift */; };
		B52E44562AC023A6001135BC /* reusableIdentifier.swift in Sources */ = {isa = PBXBuildFile; fileRef = B52E44552AC023A6001135BC /* reusableIdentifier.swift */; };
		B52E44582AC0336B001135BC /* LoginButton.swift in Sources */ = {isa = PBXBuildFile; fileRef = B52E44572AC0336B001135BC /* LoginButton.swift */; };
		B52E445B2AC044C2001135BC /* TTSManager.swift in Sources */ = {isa = PBXBuildFile; fileRef = B52E445A2AC044C2001135BC /* TTSManager.swift */; };
		B52E445F2AC27AB0001135BC /* CardPagingLayout.swift in Sources */ = {isa = PBXBuildFile; fileRef = B52E445E2AC27AB0001135BC /* CardPagingLayout.swift */; };
		B52E44652AC7058B001135BC /* HomeViewModel.swift in Sources */ = {isa = PBXBuildFile; fileRef = B52E44642AC7058B001135BC /* HomeViewModel.swift */; };
		B52E44682AC71274001135BC /* ProfileViewController.swift in Sources */ = {isa = PBXBuildFile; fileRef = B52E44672AC71274001135BC /* ProfileViewController.swift */; };
		B52E446A2AC712B4001135BC /* ProfileViewModel.swift in Sources */ = {isa = PBXBuildFile; fileRef = B52E44692AC712B4001135BC /* ProfileViewModel.swift */; };
		B52E446C2AC712D0001135BC /* User.swift in Sources */ = {isa = PBXBuildFile; fileRef = B52E446B2AC712D0001135BC /* User.swift */; };
		B52E44702ACC67C0001135BC /* MobileNetV2.mlmodel in Sources */ = {isa = PBXBuildFile; fileRef = B52E446F2ACC67C0001135BC /* MobileNetV2.mlmodel */; };
		B5389D742B05E3CA00EDC878 /* PapagoResponse.swift in Sources */ = {isa = PBXBuildFile; fileRef = B5389D732B05E3CA00EDC878 /* PapagoResponse.swift */; };
		B596FD012AF5F781003B56C2 /* SpaceViewController.swift in Sources */ = {isa = PBXBuildFile; fileRef = B596FD002AF5F781003B56C2 /* SpaceViewController.swift */; };
		B596FD032AF8851C003B56C2 /* VocaParsingManager.swift in Sources */ = {isa = PBXBuildFile; fileRef = B596FD022AF8851C003B56C2 /* VocaParsingManager.swift */; };
		B5BF5B322ABDC455008C53F4 /* AppDelegate.swift in Sources */ = {isa = PBXBuildFile; fileRef = B5BF5B312ABDC455008C53F4 /* AppDelegate.swift */; };
		B5BF5B342ABDC455008C53F4 /* SceneDelegate.swift in Sources */ = {isa = PBXBuildFile; fileRef = B5BF5B332ABDC455008C53F4 /* SceneDelegate.swift */; };
		B5BF5B392ABDC455008C53F4 /* Main.storyboard in Resources */ = {isa = PBXBuildFile; fileRef = B5BF5B372ABDC455008C53F4 /* Main.storyboard */; };
		B5BF5B3B2ABDC456008C53F4 /* Assets.xcassets in Resources */ = {isa = PBXBuildFile; fileRef = B5BF5B3A2ABDC456008C53F4 /* Assets.xcassets */; };
		B5BF5B3E2ABDC456008C53F4 /* LaunchScreen.storyboard in Resources */ = {isa = PBXBuildFile; fileRef = B5BF5B3C2ABDC456008C53F4 /* LaunchScreen.storyboard */; };
		B5BF5B492ABDC457008C53F4 /* WorldPangTests.swift in Sources */ = {isa = PBXBuildFile; fileRef = B5BF5B482ABDC457008C53F4 /* WorldPangTests.swift */; };
		B5BF5B532ABDC457008C53F4 /* WorldPangUITests.swift in Sources */ = {isa = PBXBuildFile; fileRef = B5BF5B522ABDC457008C53F4 /* WorldPangUITests.swift */; };
		B5BF5B552ABDC457008C53F4 /* WorldPangUITestsLaunchTests.swift in Sources */ = {isa = PBXBuildFile; fileRef = B5BF5B542ABDC457008C53F4 /* WorldPangUITestsLaunchTests.swift */; };
		B5BF5B652ABDC559008C53F4 /* LoginViewController.swift in Sources */ = {isa = PBXBuildFile; fileRef = B5BF5B642ABDC559008C53F4 /* LoginViewController.swift */; };
		B5BF5B672ABDC5AA008C53F4 /* LoginViewModel.swift in Sources */ = {isa = PBXBuildFile; fileRef = B5BF5B662ABDC5AA008C53F4 /* LoginViewModel.swift */; };
		B5BF5B692ABDC61D008C53F4 /* Color.xcassets in Resources */ = {isa = PBXBuildFile; fileRef = B5BF5B682ABDC61D008C53F4 /* Color.xcassets */; };
		B5BF5B6C2ABDD459008C53F4 /* Gradient+UIView.swift in Sources */ = {isa = PBXBuildFile; fileRef = B5BF5B6B2ABDD459008C53F4 /* Gradient+UIView.swift */; };
		B5BF5B6E2ABEC491008C53F4 /* HomeViewController.swift in Sources */ = {isa = PBXBuildFile; fileRef = B5BF5B6D2ABEC491008C53F4 /* HomeViewController.swift */; };
		B5BF5B702ABEC526008C53F4 /* BaseViewController.swift in Sources */ = {isa = PBXBuildFile; fileRef = B5BF5B6F2ABEC526008C53F4 /* BaseViewController.swift */; };
		B5BF5B722ABEF703008C53F4 /* CustomTabbarController.swift in Sources */ = {isa = PBXBuildFile; fileRef = B5BF5B712ABEF703008C53F4 /* CustomTabbarController.swift */; };
		B5BF5B842ACD8EF8008C53F4 /* art.scnassets in Resources */ = {isa = PBXBuildFile; fileRef = B5BF5B832ACD8EF8008C53F4 /* art.scnassets */; };
		B5BF5B862ACDBB47008C53F4 /* ARKit.framework in Frameworks */ = {isa = PBXBuildFile; fileRef = B5BF5B852ACDBB47008C53F4 /* ARKit.framework */; };
		B5BF5B8D2ADEC99F008C53F4 /* OCRViewModel.swift in Sources */ = {isa = PBXBuildFile; fileRef = B5BF5B8C2ADEC99F008C53F4 /* OCRViewModel.swift */; };
		B5BF5B8F2ADECA2C008C53F4 /* OCRViewController.swift in Sources */ = {isa = PBXBuildFile; fileRef = B5BF5B8E2ADECA2C008C53F4 /* OCRViewController.swift */; };
		B5BF5B922ADECD62008C53F4 /* SettingViewController.swift in Sources */ = {isa = PBXBuildFile; fileRef = B5BF5B912ADECD62008C53F4 /* SettingViewController.swift */; };
		B5F7FAE32B0136DE0027403D /* TranslationService.swift in Sources */ = {isa = PBXBuildFile; fileRef = B5F7FAE22B0136DE0027403D /* TranslationService.swift */; };
		B5F7FAE52B013ACE0027403D /* PlanetCardViewController.swift in Sources */ = {isa = PBXBuildFile; fileRef = B5F7FAE42B013ACE0027403D /* PlanetCardViewController.swift */; };
		B5F7FAE72B01BCB50027403D /* OCRResultViewController.swift in Sources */ = {isa = PBXBuildFile; fileRef = B5F7FAE62B01BCB50027403D /* OCRResultViewController.swift */; };
		B5F7FAE92B02520B0027403D /* QuizViewModel.swift in Sources */ = {isa = PBXBuildFile; fileRef = B5F7FAE82B02520B0027403D /* QuizViewModel.swift */; };
		B5F7FAEC2B03B0E00027403D /* WordCell.swift in Sources */ = {isa = PBXBuildFile; fileRef = B5F7FAEB2B03B0E00027403D /* WordCell.swift */; };
		B5F7FAEE2B03BFE70027403D /* String+Extension.swift in Sources */ = {isa = PBXBuildFile; fileRef = B5F7FAED2B03BFE70027403D /* String+Extension.swift */; };
		B5F7FAF02B03C4CC0027403D /* Voca.swift in Sources */ = {isa = PBXBuildFile; fileRef = B5F7FAEF2B03C4CC0027403D /* Voca.swift */; };
		B5F7FAF22B03DBAF0027403D /* TranslationView.swift in Sources */ = {isa = PBXBuildFile; fileRef = B5F7FAF12B03DBAF0027403D /* TranslationView.swift */; };
/* End PBXBuildFile section */

/* Begin PBXContainerItemProxy section */
		B5BF5B452ABDC457008C53F4 /* PBXContainerItemProxy */ = {
			isa = PBXContainerItemProxy;
			containerPortal = B5BF5B262ABDC455008C53F4 /* Project object */;
			proxyType = 1;
			remoteGlobalIDString = B5BF5B2D2ABDC455008C53F4;
			remoteInfo = WorldPang;
		};
		B5BF5B4F2ABDC457008C53F4 /* PBXContainerItemProxy */ = {
			isa = PBXContainerItemProxy;
			containerPortal = B5BF5B262ABDC455008C53F4 /* Project object */;
			proxyType = 1;
			remoteGlobalIDString = B5BF5B2D2ABDC455008C53F4;
			remoteInfo = WorldPang;
		};
/* End PBXContainerItemProxy section */

/* Begin PBXFileReference section */
		0023D9D14C554245FB086889 /* Pods-WorldPang.debug.xcconfig */ = {isa = PBXFileReference; includeInIndex = 1; lastKnownFileType = text.xcconfig; name = "Pods-WorldPang.debug.xcconfig"; path = "Target Support Files/Pods-WorldPang/Pods-WorldPang.debug.xcconfig"; sourceTree = "<group>"; };
		21C1DFD36964F471BF6E4A33 /* Pods-WorldPangTests.debug.xcconfig */ = {isa = PBXFileReference; includeInIndex = 1; lastKnownFileType = text.xcconfig; name = "Pods-WorldPangTests.debug.xcconfig"; path = "Target Support Files/Pods-WorldPangTests/Pods-WorldPangTests.debug.xcconfig"; sourceTree = "<group>"; };
		23FE8BB215476BC341C4A3E3 /* Pods-WorldPangTests.release.xcconfig */ = {isa = PBXFileReference; includeInIndex = 1; lastKnownFileType = text.xcconfig; name = "Pods-WorldPangTests.release.xcconfig"; path = "Target Support Files/Pods-WorldPangTests/Pods-WorldPangTests.release.xcconfig"; sourceTree = "<group>"; };
		632E01D0F254E3AE5B24E07D /* Pods_WorldPang.framework */ = {isa = PBXFileReference; explicitFileType = wrapper.framework; includeInIndex = 0; path = Pods_WorldPang.framework; sourceTree = BUILT_PRODUCTS_DIR; };
		6AF9080F5DF366FAA0A01FA8 /* Pods-WorldPang.release.xcconfig */ = {isa = PBXFileReference; includeInIndex = 1; lastKnownFileType = text.xcconfig; name = "Pods-WorldPang.release.xcconfig"; path = "Target Support Files/Pods-WorldPang/Pods-WorldPang.release.xcconfig"; sourceTree = "<group>"; };
		973A795AC7EAA98C88C2FEC8 /* Pods_WorldPang_WorldPangUITests.framework */ = {isa = PBXFileReference; explicitFileType = wrapper.framework; includeInIndex = 0; path = Pods_WorldPang_WorldPangUITests.framework; sourceTree = BUILT_PRODUCTS_DIR; };
		B50EBDDF2AEFB496007E8D6A /* VocaDetail.swift */ = {isa = PBXFileReference; lastKnownFileType = sourcecode.swift; path = VocaDetail.swift; sourceTree = "<group>"; };
		B50EBDE22AEFB54D007E8D6A /* BasicVoca.json */ = {isa = PBXFileReference; fileEncoding = 4; lastKnownFileType = text.json; name = BasicVoca.json; path = ../../../../../../Downloads/BasicVoca.json; sourceTree = "<group>"; };
		B50EBDE42AEFD941007E8D6A /* QuizViewController.swift */ = {isa = PBXFileReference; lastKnownFileType = sourcecode.swift; path = QuizViewController.swift; sourceTree = "<group>"; };
		B50EBDE82AEFDA4E007E8D6A /* ARViewModel.swift */ = {isa = PBXFileReference; lastKnownFileType = sourcecode.swift; path = ARViewModel.swift; sourceTree = "<group>"; };
		B50EBDEB2AEFECE0007E8D6A /* QuizCell.swift */ = {isa = PBXFileReference; lastKnownFileType = sourcecode.swift; path = QuizCell.swift; sourceTree = "<group>"; };
		B50EBDF12AF15835007E8D6A /* UIImage+Extension.swift */ = {isa = PBXFileReference; lastKnownFileType = sourcecode.swift; path = "UIImage+Extension.swift"; sourceTree = "<group>"; };
		B50EBDF72AF1625D007E8D6A /* UIDevice+Extension.swift */ = {isa = PBXFileReference; fileEncoding = 4; lastKnownFileType = sourcecode.swift; name = "UIDevice+Extension.swift"; path = "../../../Downloads/CoreML-in-ARKit-master 2/CoreML-in-ARKit/Extension/UIDevice+Extension.swift"; sourceTree = "<group>"; };
		B519FF3F2ADCCEAD000FACAB /* VocaListViewController.swift */ = {isa = PBXFileReference; lastKnownFileType = sourcecode.swift; path = VocaListViewController.swift; sourceTree = "<group>"; };
		B519FF412ADCCEB5000FACAB /* VocaListViewModel.swift */ = {isa = PBXFileReference; lastKnownFileType = sourcecode.swift; path = VocaListViewModel.swift; sourceTree = "<group>"; };
		B52E44502ABFEAAC001135BC /* ARViewController.swift */ = {isa = PBXFileReference; lastKnownFileType = sourcecode.swift; path = ARViewController.swift; sourceTree = "<group>"; };
		B52E44532AC0229A001135BC /* PagerCell.swift */ = {isa = PBXFileReference; lastKnownFileType = sourcecode.swift; path = PagerCell.swift; sourceTree = "<group>"; };
		B52E44552AC023A6001135BC /* reusableIdentifier.swift */ = {isa = PBXFileReference; lastKnownFileType = sourcecode.swift; path = reusableIdentifier.swift; sourceTree = "<group>"; };
		B52E44572AC0336B001135BC /* LoginButton.swift */ = {isa = PBXFileReference; lastKnownFileType = sourcecode.swift; path = LoginButton.swift; sourceTree = "<group>"; };
		B52E445A2AC044C2001135BC /* TTSManager.swift */ = {isa = PBXFileReference; lastKnownFileType = sourcecode.swift; path = TTSManager.swift; sourceTree = "<group>"; };
		B52E445E2AC27AB0001135BC /* CardPagingLayout.swift */ = {isa = PBXFileReference; lastKnownFileType = sourcecode.swift; path = CardPagingLayout.swift; sourceTree = "<group>"; };
		B52E44642AC7058B001135BC /* HomeViewModel.swift */ = {isa = PBXFileReference; lastKnownFileType = sourcecode.swift; path = HomeViewModel.swift; sourceTree = "<group>"; };
		B52E44672AC71274001135BC /* ProfileViewController.swift */ = {isa = PBXFileReference; lastKnownFileType = sourcecode.swift; path = ProfileViewController.swift; sourceTree = "<group>"; };
		B52E44692AC712B4001135BC /* ProfileViewModel.swift */ = {isa = PBXFileReference; lastKnownFileType = sourcecode.swift; path = ProfileViewModel.swift; sourceTree = "<group>"; };
		B52E446B2AC712D0001135BC /* User.swift */ = {isa = PBXFileReference; lastKnownFileType = sourcecode.swift; path = User.swift; sourceTree = "<group>"; };
		B52E446E2ACC5A0D001135BC /* WorldPang.entitlements */ = {isa = PBXFileReference; lastKnownFileType = text.plist.entitlements; path = WorldPang.entitlements; sourceTree = "<group>"; };
		B52E446F2ACC67C0001135BC /* MobileNetV2.mlmodel */ = {isa = PBXFileReference; lastKnownFileType = file.mlmodel; path = MobileNetV2.mlmodel; sourceTree = "<group>"; };
		B5389D732B05E3CA00EDC878 /* PapagoResponse.swift */ = {isa = PBXFileReference; lastKnownFileType = sourcecode.swift; path = PapagoResponse.swift; sourceTree = "<group>"; };
		B5389D772B0649E400EDC878 /* GoogleService-Info (1).plist */ = {isa = PBXFileReference; lastKnownFileType = text.plist.xml; path = "GoogleService-Info (1).plist"; sourceTree = "<group>"; };
		B596FD002AF5F781003B56C2 /* SpaceViewController.swift */ = {isa = PBXFileReference; lastKnownFileType = sourcecode.swift; path = SpaceViewController.swift; sourceTree = "<group>"; };
		B596FD022AF8851C003B56C2 /* VocaParsingManager.swift */ = {isa = PBXFileReference; lastKnownFileType = sourcecode.swift; path = VocaParsingManager.swift; sourceTree = "<group>"; };
		B5BF5B2E2ABDC455008C53F4 /* WorldPang.app */ = {isa = PBXFileReference; explicitFileType = wrapper.application; includeInIndex = 0; path = WorldPang.app; sourceTree = BUILT_PRODUCTS_DIR; };
		B5BF5B312ABDC455008C53F4 /* AppDelegate.swift */ = {isa = PBXFileReference; lastKnownFileType = sourcecode.swift; path = AppDelegate.swift; sourceTree = "<group>"; };
		B5BF5B332ABDC455008C53F4 /* SceneDelegate.swift */ = {isa = PBXFileReference; lastKnownFileType = sourcecode.swift; path = SceneDelegate.swift; sourceTree = "<group>"; };
		B5BF5B382ABDC455008C53F4 /* Base */ = {isa = PBXFileReference; lastKnownFileType = file.storyboard; name = Base; path = Base.lproj/Main.storyboard; sourceTree = "<group>"; };
		B5BF5B3A2ABDC456008C53F4 /* Assets.xcassets */ = {isa = PBXFileReference; lastKnownFileType = folder.assetcatalog; path = Assets.xcassets; sourceTree = "<group>"; };
		B5BF5B3D2ABDC456008C53F4 /* Base */ = {isa = PBXFileReference; lastKnownFileType = file.storyboard; name = Base; path = Base.lproj/LaunchScreen.storyboard; sourceTree = "<group>"; };
		B5BF5B3F2ABDC456008C53F4 /* Info.plist */ = {isa = PBXFileReference; lastKnownFileType = text.plist.xml; path = Info.plist; sourceTree = "<group>"; };
		B5BF5B442ABDC457008C53F4 /* WorldPangTests.xctest */ = {isa = PBXFileReference; explicitFileType = wrapper.cfbundle; includeInIndex = 0; path = WorldPangTests.xctest; sourceTree = BUILT_PRODUCTS_DIR; };
		B5BF5B482ABDC457008C53F4 /* WorldPangTests.swift */ = {isa = PBXFileReference; lastKnownFileType = sourcecode.swift; path = WorldPangTests.swift; sourceTree = "<group>"; };
		B5BF5B4E2ABDC457008C53F4 /* WorldPangUITests.xctest */ = {isa = PBXFileReference; explicitFileType = wrapper.cfbundle; includeInIndex = 0; path = WorldPangUITests.xctest; sourceTree = BUILT_PRODUCTS_DIR; };
		B5BF5B522ABDC457008C53F4 /* WorldPangUITests.swift */ = {isa = PBXFileReference; lastKnownFileType = sourcecode.swift; path = WorldPangUITests.swift; sourceTree = "<group>"; };
		B5BF5B542ABDC457008C53F4 /* WorldPangUITestsLaunchTests.swift */ = {isa = PBXFileReference; lastKnownFileType = sourcecode.swift; path = WorldPangUITestsLaunchTests.swift; sourceTree = "<group>"; };
		B5BF5B642ABDC559008C53F4 /* LoginViewController.swift */ = {isa = PBXFileReference; lastKnownFileType = sourcecode.swift; path = LoginViewController.swift; sourceTree = "<group>"; };
		B5BF5B662ABDC5AA008C53F4 /* LoginViewModel.swift */ = {isa = PBXFileReference; lastKnownFileType = sourcecode.swift; path = LoginViewModel.swift; sourceTree = "<group>"; };
		B5BF5B682ABDC61D008C53F4 /* Color.xcassets */ = {isa = PBXFileReference; lastKnownFileType = folder.assetcatalog; path = Color.xcassets; sourceTree = "<group>"; };
		B5BF5B6B2ABDD459008C53F4 /* Gradient+UIView.swift */ = {isa = PBXFileReference; lastKnownFileType = sourcecode.swift; path = "Gradient+UIView.swift"; sourceTree = "<group>"; };
		B5BF5B6D2ABEC491008C53F4 /* HomeViewController.swift */ = {isa = PBXFileReference; lastKnownFileType = sourcecode.swift; path = HomeViewController.swift; sourceTree = "<group>"; };
		B5BF5B6F2ABEC526008C53F4 /* BaseViewController.swift */ = {isa = PBXFileReference; lastKnownFileType = sourcecode.swift; path = BaseViewController.swift; sourceTree = "<group>"; };
		B5BF5B712ABEF703008C53F4 /* CustomTabbarController.swift */ = {isa = PBXFileReference; lastKnownFileType = sourcecode.swift; path = CustomTabbarController.swift; sourceTree = "<group>"; };
		B5BF5B832ACD8EF8008C53F4 /* art.scnassets */ = {isa = PBXFileReference; lastKnownFileType = wrapper.scnassets; path = art.scnassets; sourceTree = "<group>"; };
		B5BF5B852ACDBB47008C53F4 /* ARKit.framework */ = {isa = PBXFileReference; lastKnownFileType = wrapper.framework; name = ARKit.framework; path = System/Library/Frameworks/ARKit.framework; sourceTree = SDKROOT; };
		B5BF5B8C2ADEC99F008C53F4 /* OCRViewModel.swift */ = {isa = PBXFileReference; lastKnownFileType = sourcecode.swift; path = OCRViewModel.swift; sourceTree = "<group>"; };
		B5BF5B8E2ADECA2C008C53F4 /* OCRViewController.swift */ = {isa = PBXFileReference; lastKnownFileType = sourcecode.swift; path = OCRViewController.swift; sourceTree = "<group>"; };
		B5BF5B912ADECD62008C53F4 /* SettingViewController.swift */ = {isa = PBXFileReference; lastKnownFileType = sourcecode.swift; path = SettingViewController.swift; sourceTree = "<group>"; };
		B5F7FAE22B0136DE0027403D /* TranslationService.swift */ = {isa = PBXFileReference; lastKnownFileType = sourcecode.swift; path = TranslationService.swift; sourceTree = "<group>"; };
		B5F7FAE42B013ACE0027403D /* PlanetCardViewController.swift */ = {isa = PBXFileReference; lastKnownFileType = sourcecode.swift; path = PlanetCardViewController.swift; sourceTree = "<group>"; };
		B5F7FAE62B01BCB50027403D /* OCRResultViewController.swift */ = {isa = PBXFileReference; lastKnownFileType = sourcecode.swift; path = OCRResultViewController.swift; sourceTree = "<group>"; };
		B5F7FAE82B02520B0027403D /* QuizViewModel.swift */ = {isa = PBXFileReference; lastKnownFileType = sourcecode.swift; path = QuizViewModel.swift; sourceTree = "<group>"; };
		B5F7FAEB2B03B0E00027403D /* WordCell.swift */ = {isa = PBXFileReference; lastKnownFileType = sourcecode.swift; path = WordCell.swift; sourceTree = "<group>"; };
		B5F7FAED2B03BFE70027403D /* String+Extension.swift */ = {isa = PBXFileReference; lastKnownFileType = sourcecode.swift; path = "String+Extension.swift"; sourceTree = "<group>"; };
		B5F7FAEF2B03C4CC0027403D /* Voca.swift */ = {isa = PBXFileReference; lastKnownFileType = sourcecode.swift; path = Voca.swift; sourceTree = "<group>"; };
		B5F7FAF12B03DBAF0027403D /* TranslationView.swift */ = {isa = PBXFileReference; lastKnownFileType = sourcecode.swift; path = TranslationView.swift; sourceTree = "<group>"; };
		B5F994F02AF2B4FE00F2208B /* YOLOv3Tiny.mlmodel */ = {isa = PBXFileReference; lastKnownFileType = file.mlmodel; path = YOLOv3Tiny.mlmodel; sourceTree = "<group>"; };
		CB6E894BBE345D15837E3220 /* Pods-WorldPang-WorldPangUITests.release.xcconfig */ = {isa = PBXFileReference; includeInIndex = 1; lastKnownFileType = text.xcconfig; name = "Pods-WorldPang-WorldPangUITests.release.xcconfig"; path = "Target Support Files/Pods-WorldPang-WorldPangUITests/Pods-WorldPang-WorldPangUITests.release.xcconfig"; sourceTree = "<group>"; };
		D1E6EE99A6DCFBC0E911354D /* Pods_WorldPangTests.framework */ = {isa = PBXFileReference; explicitFileType = wrapper.framework; includeInIndex = 0; path = Pods_WorldPangTests.framework; sourceTree = BUILT_PRODUCTS_DIR; };
		D23DB73F9A80A0079F54CEC2 /* Pods-WorldPang-WorldPangUITests.debug.xcconfig */ = {isa = PBXFileReference; includeInIndex = 1; lastKnownFileType = text.xcconfig; name = "Pods-WorldPang-WorldPangUITests.debug.xcconfig"; path = "Target Support Files/Pods-WorldPang-WorldPangUITests/Pods-WorldPang-WorldPangUITests.debug.xcconfig"; sourceTree = "<group>"; };
/* End PBXFileReference section */

/* Begin PBXFrameworksBuildPhase section */
		B5BF5B2B2ABDC455008C53F4 /* Frameworks */ = {
			isa = PBXFrameworksBuildPhase;
			buildActionMask = 2147483647;
			files = (
				B5BF5B862ACDBB47008C53F4 /* ARKit.framework in Frameworks */,
				A02F1C5BA456EC81229B09C4 /* Pods_WorldPang.framework in Frameworks */,
			);
			runOnlyForDeploymentPostprocessing = 0;
		};
		B5BF5B412ABDC457008C53F4 /* Frameworks */ = {
			isa = PBXFrameworksBuildPhase;
			buildActionMask = 2147483647;
			files = (
				A4F2DBE5806E4EC8FA29511B /* Pods_WorldPangTests.framework in Frameworks */,
			);
			runOnlyForDeploymentPostprocessing = 0;
		};
		B5BF5B4B2ABDC457008C53F4 /* Frameworks */ = {
			isa = PBXFrameworksBuildPhase;
			buildActionMask = 2147483647;
			files = (
				13A095FB4AB82DD40E8B6566 /* Pods_WorldPang_WorldPangUITests.framework in Frameworks */,
			);
			runOnlyForDeploymentPostprocessing = 0;
		};
/* End PBXFrameworksBuildPhase section */

/* Begin PBXGroup section */
		02F22207C9B8DB29A2FA32BB /* Frameworks */ = {
			isa = PBXGroup;
			children = (
				B5BF5B852ACDBB47008C53F4 /* ARKit.framework */,
				632E01D0F254E3AE5B24E07D /* Pods_WorldPang.framework */,
				973A795AC7EAA98C88C2FEC8 /* Pods_WorldPang_WorldPangUITests.framework */,
				D1E6EE99A6DCFBC0E911354D /* Pods_WorldPangTests.framework */,
			);
			name = Frameworks;
			sourceTree = "<group>";
		};
		B50EBDDE2AEB7B58007E8D6A /* Cells */ = {
			isa = PBXGroup;
			children = (
			);
			path = Cells;
			sourceTree = "<group>";
		};
		B50EBDE12AEFB534007E8D6A /* VocaData */ = {
			isa = PBXGroup;
			children = (
				B50EBDE22AEFB54D007E8D6A /* BasicVoca.json */,
			);
			path = VocaData;
			sourceTree = "<group>";
		};
		B50EBDEA2AEFEA77007E8D6A /* SpaceAR */ = {
			isa = PBXGroup;
			children = (
				B596FD002AF5F781003B56C2 /* SpaceViewController.swift */,
				B5F7FAE42B013ACE0027403D /* PlanetCardViewController.swift */,
			);
			path = SpaceAR;
			sourceTree = "<group>";
		};
		B519FF3C2ADCC4A7000FACAB /* Voca */ = {
			isa = PBXGroup;
			children = (
				B519FF3F2ADCCEAD000FACAB /* VocaListViewController.swift */,
				B519FF412ADCCEB5000FACAB /* VocaListViewModel.swift */,
			);
			path = Voca;
			sourceTree = "<group>";
		};
		B519FF472ADD88F3000FACAB /* QuizAR */ = {
			isa = PBXGroup;
			children = (
				B52E44502ABFEAAC001135BC /* ARViewController.swift */,
				B50EBDE82AEFDA4E007E8D6A /* ARViewModel.swift */,
			);
			path = QuizAR;
			sourceTree = "<group>";
		};
		B52E44522AC01FF8001135BC /* Components */ = {
			isa = PBXGroup;
			children = (
				B52E44572AC0336B001135BC /* LoginButton.swift */,
				B52E445E2AC27AB0001135BC /* CardPagingLayout.swift */,
			);
			path = Components;
			sourceTree = "<group>";
		};
		B52E44592AC044B8001135BC /* Service  */ = {
			isa = PBXGroup;
			children = (
				B52E445A2AC044C2001135BC /* TTSManager.swift */,
				B596FD022AF8851C003B56C2 /* VocaParsingManager.swift */,
				B5F7FAE22B0136DE0027403D /* TranslationService.swift */,
			);
			path = "Service ";
			sourceTree = "<group>";
		};
		B52E445C2AC04658001135BC /* Sources */ = {
			isa = PBXGroup;
			children = (
				B5BF5B902ADECD56008C53F4 /* Setting */,
				B5BF5B8B2ADEC983008C53F4 /* OCRWord */,
				B519FF3C2ADCC4A7000FACAB /* Voca */,
				B52E44662AC71264001135BC /* Profile */,
				B52E44632AC704CC001135BC /* Model  */,
				B5BF5B612ABDC520008C53F4 /* Login */,
				B5BF5B622ABDC52A008C53F4 /* Home */,
				B5BF5B632ABDC52F008C53F4 /* AR */,
				B52E44522AC01FF8001135BC /* Components */,
				B52E44592AC044B8001135BC /* Service  */,
			);
			path = Sources;
			sourceTree = "<group>";
		};
		B52E445D2AC0465D001135BC /* Resources */ = {
			isa = PBXGroup;
			children = (
				B5BF5B832ACD8EF8008C53F4 /* art.scnassets */,
				B5BF5B332ABDC455008C53F4 /* SceneDelegate.swift */,
				B5BF5B312ABDC455008C53F4 /* AppDelegate.swift */,
				B5BF5B372ABDC455008C53F4 /* Main.storyboard */,
				B5BF5B3A2ABDC456008C53F4 /* Assets.xcassets */,
				B5BF5B3C2ABDC456008C53F4 /* LaunchScreen.storyboard */,
				B5BF5B682ABDC61D008C53F4 /* Color.xcassets */,
			);
			path = Resources;
			sourceTree = "<group>";
		};
		B52E44632AC704CC001135BC /* Model  */ = {
			isa = PBXGroup;
			children = (
				B50EBDE12AEFB534007E8D6A /* VocaData */,
				B52E446B2AC712D0001135BC /* User.swift */,
				B50EBDDF2AEFB496007E8D6A /* VocaDetail.swift */,
				B5F7FAEF2B03C4CC0027403D /* Voca.swift */,
				B5389D732B05E3CA00EDC878 /* PapagoResponse.swift */,
			);
			path = "Model ";
			sourceTree = "<group>";
		};
		B52E44662AC71264001135BC /* Profile */ = {
			isa = PBXGroup;
			children = (
				B52E44672AC71274001135BC /* ProfileViewController.swift */,
				B52E44692AC712B4001135BC /* ProfileViewModel.swift */,
			);
			path = Profile;
			sourceTree = "<group>";
		};
		B57FA79F2AFAA52800C5A7AE /* QuizSystem */ = {
			isa = PBXGroup;
			children = (
				B50EBDE42AEFD941007E8D6A /* QuizViewController.swift */,
				B50EBDEB2AEFECE0007E8D6A /* QuizCell.swift */,
				B5F7FAE82B02520B0027403D /* QuizViewModel.swift */,
			);
			path = QuizSystem;
			sourceTree = "<group>";
		};
		B5BF5B252ABDC455008C53F4 = {
			isa = PBXGroup;
			children = (
				B5BF5B302ABDC455008C53F4 /* WorldPang */,
				B5BF5B472ABDC457008C53F4 /* WorldPangTests */,
				B5BF5B512ABDC457008C53F4 /* WorldPangUITests */,
				B5BF5B2F2ABDC455008C53F4 /* Products */,
				EC25CF44E84E94143B3E3265 /* Pods */,
				02F22207C9B8DB29A2FA32BB /* Frameworks */,
			);
			sourceTree = "<group>";
		};
		B5BF5B2F2ABDC455008C53F4 /* Products */ = {
			isa = PBXGroup;
			children = (
				B5BF5B2E2ABDC455008C53F4 /* WorldPang.app */,
				B5BF5B442ABDC457008C53F4 /* WorldPangTests.xctest */,
				B5BF5B4E2ABDC457008C53F4 /* WorldPangUITests.xctest */,
			);
			name = Products;
			sourceTree = "<group>";
		};
		B5BF5B302ABDC455008C53F4 /* WorldPang */ = {
			isa = PBXGroup;
			children = (
				B52E446E2ACC5A0D001135BC /* WorldPang.entitlements */,
				B5BF5B6A2ABDD449008C53F4 /* Extension */,
				B52E445D2AC0465D001135BC /* Resources */,
				B52E445C2AC04658001135BC /* Sources */,
				B5BF5B3F2ABDC456008C53F4 /* Info.plist */,
				B5389D772B0649E400EDC878 /* GoogleService-Info (1).plist */,
				B5F994F02AF2B4FE00F2208B /* YOLOv3Tiny.mlmodel */,
				B52E446F2ACC67C0001135BC /* MobileNetV2.mlmodel */,
				B5BF5B6F2ABEC526008C53F4 /* BaseViewController.swift */,
				B5BF5B712ABEF703008C53F4 /* CustomTabbarController.swift */,
			);
			path = WorldPang;
			sourceTree = "<group>";
		};
		B5BF5B472ABDC457008C53F4 /* WorldPangTests */ = {
			isa = PBXGroup;
			children = (
				B5BF5B482ABDC457008C53F4 /* WorldPangTests.swift */,
			);
			path = WorldPangTests;
			sourceTree = "<group>";
		};
		B5BF5B512ABDC457008C53F4 /* WorldPangUITests */ = {
			isa = PBXGroup;
			children = (
				B5BF5B522ABDC457008C53F4 /* WorldPangUITests.swift */,
				B5BF5B542ABDC457008C53F4 /* WorldPangUITestsLaunchTests.swift */,
			);
			path = WorldPangUITests;
			sourceTree = "<group>";
		};
		B5BF5B612ABDC520008C53F4 /* Login */ = {
			isa = PBXGroup;
			children = (
				B5BF5B642ABDC559008C53F4 /* LoginViewController.swift */,
				B5BF5B662ABDC5AA008C53F4 /* LoginViewModel.swift */,
			);
			path = Login;
			sourceTree = "<group>";
		};
		B5BF5B622ABDC52A008C53F4 /* Home */ = {
			isa = PBXGroup;
			children = (
				B5BF5B6D2ABEC491008C53F4 /* HomeViewController.swift */,
				B52E44642AC7058B001135BC /* HomeViewModel.swift */,
				B50EBDDE2AEB7B58007E8D6A /* Cells */,
				B52E44532AC0229A001135BC /* PagerCell.swift */,
			);
			path = Home;
			sourceTree = "<group>";
		};
		B5BF5B632ABDC52F008C53F4 /* AR */ = {
			isa = PBXGroup;
			children = (
				B519FF472ADD88F3000FACAB /* QuizAR */,
				B57FA79F2AFAA52800C5A7AE /* QuizSystem */,
				B50EBDEA2AEFEA77007E8D6A /* SpaceAR */,
			);
			path = AR;
			sourceTree = "<group>";
		};
		B5BF5B6A2ABDD449008C53F4 /* Extension */ = {
			isa = PBXGroup;
			children = (
				B50EBDF72AF1625D007E8D6A /* UIDevice+Extension.swift */,
				B5BF5B6B2ABDD459008C53F4 /* Gradient+UIView.swift */,
				B52E44552AC023A6001135BC /* reusableIdentifier.swift */,
				B50EBDF12AF15835007E8D6A /* UIImage+Extension.swift */,
				B5F7FAED2B03BFE70027403D /* String+Extension.swift */,
			);
			name = Extension;
			sourceTree = "<group>";
		};
		B5BF5B8B2ADEC983008C53F4 /* OCRWord */ = {
			isa = PBXGroup;
			children = (
				B5F7FAEA2B03B0D40027403D /* Cells */,
				B5BF5B8C2ADEC99F008C53F4 /* OCRViewModel.swift */,
				B5BF5B8E2ADECA2C008C53F4 /* OCRViewController.swift */,
				B5F7FAE62B01BCB50027403D /* OCRResultViewController.swift */,
				B5F7FAF12B03DBAF0027403D /* TranslationView.swift */,
			);
			path = OCRWord;
			sourceTree = "<group>";
		};
		B5BF5B902ADECD56008C53F4 /* Setting */ = {
			isa = PBXGroup;
			children = (
				B5BF5B912ADECD62008C53F4 /* SettingViewController.swift */,
			);
			path = Setting;
			sourceTree = "<group>";
		};
		B5F7FAEA2B03B0D40027403D /* Cells */ = {
			isa = PBXGroup;
			children = (
				B5F7FAEB2B03B0E00027403D /* WordCell.swift */,
			);
			path = Cells;
			sourceTree = "<group>";
		};
		EC25CF44E84E94143B3E3265 /* Pods */ = {
			isa = PBXGroup;
			children = (
				0023D9D14C554245FB086889 /* Pods-WorldPang.debug.xcconfig */,
				6AF9080F5DF366FAA0A01FA8 /* Pods-WorldPang.release.xcconfig */,
				D23DB73F9A80A0079F54CEC2 /* Pods-WorldPang-WorldPangUITests.debug.xcconfig */,
				CB6E894BBE345D15837E3220 /* Pods-WorldPang-WorldPangUITests.release.xcconfig */,
				21C1DFD36964F471BF6E4A33 /* Pods-WorldPangTests.debug.xcconfig */,
				23FE8BB215476BC341C4A3E3 /* Pods-WorldPangTests.release.xcconfig */,
			);
			path = Pods;
			sourceTree = "<group>";
		};
/* End PBXGroup section */

/* Begin PBXNativeTarget section */
		B5BF5B2D2ABDC455008C53F4 /* WorldPang */ = {
			isa = PBXNativeTarget;
			buildConfigurationList = B5BF5B582ABDC457008C53F4 /* Build configuration list for PBXNativeTarget "WorldPang" */;
			buildPhases = (
				326ABEA673B4179303ECBBED /* [CP] Check Pods Manifest.lock */,
				B5BF5B2A2ABDC455008C53F4 /* Sources */,
				B5BF5B2B2ABDC455008C53F4 /* Frameworks */,
				B5BF5B2C2ABDC455008C53F4 /* Resources */,
				2E455C1CFBB31C968C49BB0F /* [CP] Embed Pods Frameworks */,
			);
			buildRules = (
			);
			dependencies = (
			);
			name = WorldPang;
			productName = WorldPang;
			productReference = B5BF5B2E2ABDC455008C53F4 /* WorldPang.app */;
			productType = "com.apple.product-type.application";
		};
		B5BF5B432ABDC457008C53F4 /* WorldPangTests */ = {
			isa = PBXNativeTarget;
			buildConfigurationList = B5BF5B5B2ABDC457008C53F4 /* Build configuration list for PBXNativeTarget "WorldPangTests" */;
			buildPhases = (
				5BD39B8A157835E60930FC2F /* [CP] Check Pods Manifest.lock */,
				B5BF5B402ABDC457008C53F4 /* Sources */,
				B5BF5B412ABDC457008C53F4 /* Frameworks */,
				B5BF5B422ABDC457008C53F4 /* Resources */,
			);
			buildRules = (
			);
			dependencies = (
				B5BF5B462ABDC457008C53F4 /* PBXTargetDependency */,
			);
			name = WorldPangTests;
			productName = WorldPangTests;
			productReference = B5BF5B442ABDC457008C53F4 /* WorldPangTests.xctest */;
			productType = "com.apple.product-type.bundle.unit-test";
		};
		B5BF5B4D2ABDC457008C53F4 /* WorldPangUITests */ = {
			isa = PBXNativeTarget;
			buildConfigurationList = B5BF5B5E2ABDC457008C53F4 /* Build configuration list for PBXNativeTarget "WorldPangUITests" */;
			buildPhases = (
				BCDBD2AB0CCCF89FA028892F /* [CP] Check Pods Manifest.lock */,
				B5BF5B4A2ABDC457008C53F4 /* Sources */,
				B5BF5B4B2ABDC457008C53F4 /* Frameworks */,
				B5BF5B4C2ABDC457008C53F4 /* Resources */,
				60AF71396D49A950FF746CDD /* [CP] Embed Pods Frameworks */,
			);
			buildRules = (
			);
			dependencies = (
				B5BF5B502ABDC457008C53F4 /* PBXTargetDependency */,
			);
			name = WorldPangUITests;
			productName = WorldPangUITests;
			productReference = B5BF5B4E2ABDC457008C53F4 /* WorldPangUITests.xctest */;
			productType = "com.apple.product-type.bundle.ui-testing";
		};
/* End PBXNativeTarget section */

/* Begin PBXProject section */
		B5BF5B262ABDC455008C53F4 /* Project object */ = {
			isa = PBXProject;
			attributes = {
				BuildIndependentTargetsInParallel = 1;
				LastSwiftUpdateCheck = 1500;
				LastUpgradeCheck = 1500;
				TargetAttributes = {
					B5BF5B2D2ABDC455008C53F4 = {
						CreatedOnToolsVersion = 15.0;
					};
					B5BF5B432ABDC457008C53F4 = {
						CreatedOnToolsVersion = 15.0;
						TestTargetID = B5BF5B2D2ABDC455008C53F4;
					};
					B5BF5B4D2ABDC457008C53F4 = {
						CreatedOnToolsVersion = 15.0;
						TestTargetID = B5BF5B2D2ABDC455008C53F4;
					};
				};
			};
			buildConfigurationList = B5BF5B292ABDC455008C53F4 /* Build configuration list for PBXProject "WorldPang" */;
			compatibilityVersion = "Xcode 14.0";
			developmentRegion = en;
			hasScannedForEncodings = 0;
			knownRegions = (
				en,
				Base,
			);
			mainGroup = B5BF5B252ABDC455008C53F4;
			productRefGroup = B5BF5B2F2ABDC455008C53F4 /* Products */;
			projectDirPath = "";
			projectRoot = "";
			targets = (
				B5BF5B2D2ABDC455008C53F4 /* WorldPang */,
				B5BF5B432ABDC457008C53F4 /* WorldPangTests */,
				B5BF5B4D2ABDC457008C53F4 /* WorldPangUITests */,
			);
		};
/* End PBXProject section */

/* Begin PBXResourcesBuildPhase section */
		B5BF5B2C2ABDC455008C53F4 /* Resources */ = {
			isa = PBXResourcesBuildPhase;
			buildActionMask = 2147483647;
			files = (
				B5BF5B3E2ABDC456008C53F4 /* LaunchScreen.storyboard in Resources */,
				B5BF5B692ABDC61D008C53F4 /* Color.xcassets in Resources */,
				B5BF5B842ACD8EF8008C53F4 /* art.scnassets in Resources */,
				B50EBDE32AEFB54D007E8D6A /* BasicVoca.json in Resources */,
				B5BF5B3B2ABDC456008C53F4 /* Assets.xcassets in Resources */,
				B5BF5B392ABDC455008C53F4 /* Main.storyboard in Resources */,
			);
			runOnlyForDeploymentPostprocessing = 0;
		};
		B5BF5B422ABDC457008C53F4 /* Resources */ = {
			isa = PBXResourcesBuildPhase;
			buildActionMask = 2147483647;
			files = (
			);
			runOnlyForDeploymentPostprocessing = 0;
		};
		B5BF5B4C2ABDC457008C53F4 /* Resources */ = {
			isa = PBXResourcesBuildPhase;
			buildActionMask = 2147483647;
			files = (
			);
			runOnlyForDeploymentPostprocessing = 0;
		};
/* End PBXResourcesBuildPhase section */

/* Begin PBXShellScriptBuildPhase section */
		2E455C1CFBB31C968C49BB0F /* [CP] Embed Pods Frameworks */ = {
			isa = PBXShellScriptBuildPhase;
			buildActionMask = 2147483647;
			files = (
			);
			inputFileListPaths = (
				"${PODS_ROOT}/Target Support Files/Pods-WorldPang/Pods-WorldPang-frameworks-${CONFIGURATION}-input-files.xcfilelist",
			);
			name = "[CP] Embed Pods Frameworks";
			outputFileListPaths = (
				"${PODS_ROOT}/Target Support Files/Pods-WorldPang/Pods-WorldPang-frameworks-${CONFIGURATION}-output-files.xcfilelist",
			);
			runOnlyForDeploymentPostprocessing = 0;
			shellPath = /bin/sh;
			shellScript = "\"${PODS_ROOT}/Target Support Files/Pods-WorldPang/Pods-WorldPang-frameworks.sh\"\n";
			showEnvVarsInLog = 0;
		};
		326ABEA673B4179303ECBBED /* [CP] Check Pods Manifest.lock */ = {
			isa = PBXShellScriptBuildPhase;
			buildActionMask = 2147483647;
			files = (
			);
			inputFileListPaths = (
			);
			inputPaths = (
				"${PODS_PODFILE_DIR_PATH}/Podfile.lock",
				"${PODS_ROOT}/Manifest.lock",
			);
			name = "[CP] Check Pods Manifest.lock";
			outputFileListPaths = (
			);
			outputPaths = (
				"$(DERIVED_FILE_DIR)/Pods-WorldPang-checkManifestLockResult.txt",
			);
			runOnlyForDeploymentPostprocessing = 0;
			shellPath = /bin/sh;
			shellScript = "diff \"${PODS_PODFILE_DIR_PATH}/Podfile.lock\" \"${PODS_ROOT}/Manifest.lock\" > /dev/null\nif [ $? != 0 ] ; then\n    # print error to STDERR\n    echo \"error: The sandbox is not in sync with the Podfile.lock. Run 'pod install' or update your CocoaPods installation.\" >&2\n    exit 1\nfi\n# This output is used by Xcode 'outputs' to avoid re-running this script phase.\necho \"SUCCESS\" > \"${SCRIPT_OUTPUT_FILE_0}\"\n";
			showEnvVarsInLog = 0;
		};
		5BD39B8A157835E60930FC2F /* [CP] Check Pods Manifest.lock */ = {
			isa = PBXShellScriptBuildPhase;
			buildActionMask = 2147483647;
			files = (
			);
			inputFileListPaths = (
			);
			inputPaths = (
				"${PODS_PODFILE_DIR_PATH}/Podfile.lock",
				"${PODS_ROOT}/Manifest.lock",
			);
			name = "[CP] Check Pods Manifest.lock";
			outputFileListPaths = (
			);
			outputPaths = (
				"$(DERIVED_FILE_DIR)/Pods-WorldPangTests-checkManifestLockResult.txt",
			);
			runOnlyForDeploymentPostprocessing = 0;
			shellPath = /bin/sh;
			shellScript = "diff \"${PODS_PODFILE_DIR_PATH}/Podfile.lock\" \"${PODS_ROOT}/Manifest.lock\" > /dev/null\nif [ $? != 0 ] ; then\n    # print error to STDERR\n    echo \"error: The sandbox is not in sync with the Podfile.lock. Run 'pod install' or update your CocoaPods installation.\" >&2\n    exit 1\nfi\n# This output is used by Xcode 'outputs' to avoid re-running this script phase.\necho \"SUCCESS\" > \"${SCRIPT_OUTPUT_FILE_0}\"\n";
			showEnvVarsInLog = 0;
		};
		60AF71396D49A950FF746CDD /* [CP] Embed Pods Frameworks */ = {
			isa = PBXShellScriptBuildPhase;
			buildActionMask = 2147483647;
			files = (
			);
			inputFileListPaths = (
				"${PODS_ROOT}/Target Support Files/Pods-WorldPang-WorldPangUITests/Pods-WorldPang-WorldPangUITests-frameworks-${CONFIGURATION}-input-files.xcfilelist",
			);
			name = "[CP] Embed Pods Frameworks";
			outputFileListPaths = (
				"${PODS_ROOT}/Target Support Files/Pods-WorldPang-WorldPangUITests/Pods-WorldPang-WorldPangUITests-frameworks-${CONFIGURATION}-output-files.xcfilelist",
			);
			runOnlyForDeploymentPostprocessing = 0;
			shellPath = /bin/sh;
			shellScript = "\"${PODS_ROOT}/Target Support Files/Pods-WorldPang-WorldPangUITests/Pods-WorldPang-WorldPangUITests-frameworks.sh\"\n";
			showEnvVarsInLog = 0;
		};
		BCDBD2AB0CCCF89FA028892F /* [CP] Check Pods Manifest.lock */ = {
			isa = PBXShellScriptBuildPhase;
			buildActionMask = 2147483647;
			files = (
			);
			inputFileListPaths = (
			);
			inputPaths = (
				"${PODS_PODFILE_DIR_PATH}/Podfile.lock",
				"${PODS_ROOT}/Manifest.lock",
			);
			name = "[CP] Check Pods Manifest.lock";
			outputFileListPaths = (
			);
			outputPaths = (
				"$(DERIVED_FILE_DIR)/Pods-WorldPang-WorldPangUITests-checkManifestLockResult.txt",
			);
			runOnlyForDeploymentPostprocessing = 0;
			shellPath = /bin/sh;
			shellScript = "diff \"${PODS_PODFILE_DIR_PATH}/Podfile.lock\" \"${PODS_ROOT}/Manifest.lock\" > /dev/null\nif [ $? != 0 ] ; then\n    # print error to STDERR\n    echo \"error: The sandbox is not in sync with the Podfile.lock. Run 'pod install' or update your CocoaPods installation.\" >&2\n    exit 1\nfi\n# This output is used by Xcode 'outputs' to avoid re-running this script phase.\necho \"SUCCESS\" > \"${SCRIPT_OUTPUT_FILE_0}\"\n";
			showEnvVarsInLog = 0;
		};
/* End PBXShellScriptBuildPhase section */

/* Begin PBXSourcesBuildPhase section */
		B5BF5B2A2ABDC455008C53F4 /* Sources */ = {
			isa = PBXSourcesBuildPhase;
			buildActionMask = 2147483647;
			files = (
				B5F7FAE52B013ACE0027403D /* PlanetCardViewController.swift in Sources */,
				B596FD012AF5F781003B56C2 /* SpaceViewController.swift in Sources */,
				B5BF5B652ABDC559008C53F4 /* LoginViewController.swift in Sources */,
				B52E44582AC0336B001135BC /* LoginButton.swift in Sources */,
				B5F7FAF22B03DBAF0027403D /* TranslationView.swift in Sources */,
				B52E44652AC7058B001135BC /* HomeViewModel.swift in Sources */,
				B52E44542AC0229A001135BC /* PagerCell.swift in Sources */,
				B5BF5B922ADECD62008C53F4 /* SettingViewController.swift in Sources */,
				B50EBDEC2AEFECE0007E8D6A /* QuizCell.swift in Sources */,
				B5BF5B6C2ABDD459008C53F4 /* Gradient+UIView.swift in Sources */,
				B5BF5B722ABEF703008C53F4 /* CustomTabbarController.swift in Sources */,
				B50EBDF22AF15835007E8D6A /* UIImage+Extension.swift in Sources */,
				B52E44682AC71274001135BC /* ProfileViewController.swift in Sources */,
				B50EBDF82AF1625D007E8D6A /* UIDevice+Extension.swift in Sources */,
				B596FD032AF8851C003B56C2 /* VocaParsingManager.swift in Sources */,
				B52E44512ABFEAAC001135BC /* ARViewController.swift in Sources */,
				B5BF5B8F2ADECA2C008C53F4 /* OCRViewController.swift in Sources */,
				B52E445B2AC044C2001135BC /* TTSManager.swift in Sources */,
				B50EBDE92AEFDA4E007E8D6A /* ARViewModel.swift in Sources */,
				B5F7FAEE2B03BFE70027403D /* String+Extension.swift in Sources */,
				B5BF5B322ABDC455008C53F4 /* AppDelegate.swift in Sources */,
				B5BF5B672ABDC5AA008C53F4 /* LoginViewModel.swift in Sources */,
				B52E446A2AC712B4001135BC /* ProfileViewModel.swift in Sources */,
				B519FF402ADCCEAD000FACAB /* VocaListViewController.swift in Sources */,
				B50EBDE02AEFB496007E8D6A /* VocaDetail.swift in Sources */,
				B5BF5B342ABDC455008C53F4 /* SceneDelegate.swift in Sources */,
				B52E44562AC023A6001135BC /* reusableIdentifier.swift in Sources */,
				B5F7FAE32B0136DE0027403D /* TranslationService.swift in Sources */,
				B52E445F2AC27AB0001135BC /* CardPagingLayout.swift in Sources */,
				B5BF5B702ABEC526008C53F4 /* BaseViewController.swift in Sources */,
				B5F7FAF02B03C4CC0027403D /* Voca.swift in Sources */,
				B5389D742B05E3CA00EDC878 /* PapagoResponse.swift in Sources */,
				B5F7FAEC2B03B0E00027403D /* WordCell.swift in Sources */,
				B519FF422ADCCEB5000FACAB /* VocaListViewModel.swift in Sources */,
				B5F7FAE92B02520B0027403D /* QuizViewModel.swift in Sources */,
				B5BF5B6E2ABEC491008C53F4 /* HomeViewController.swift in Sources */,
				B52E44702ACC67C0001135BC /* MobileNetV2.mlmodel in Sources */,
				B50EBDE52AEFD941007E8D6A /* QuizViewController.swift in Sources */,
				B5BF5B8D2ADEC99F008C53F4 /* OCRViewModel.swift in Sources */,
				B5F7FAE72B01BCB50027403D /* OCRResultViewController.swift in Sources */,
				B52E446C2AC712D0001135BC /* User.swift in Sources */,
			);
			runOnlyForDeploymentPostprocessing = 0;
		};
		B5BF5B402ABDC457008C53F4 /* Sources */ = {
			isa = PBXSourcesBuildPhase;
			buildActionMask = 2147483647;
			files = (
				B5BF5B492ABDC457008C53F4 /* WorldPangTests.swift in Sources */,
			);
			runOnlyForDeploymentPostprocessing = 0;
		};
		B5BF5B4A2ABDC457008C53F4 /* Sources */ = {
			isa = PBXSourcesBuildPhase;
			buildActionMask = 2147483647;
			files = (
				B5BF5B532ABDC457008C53F4 /* WorldPangUITests.swift in Sources */,
				B5BF5B552ABDC457008C53F4 /* WorldPangUITestsLaunchTests.swift in Sources */,
			);
			runOnlyForDeploymentPostprocessing = 0;
		};
/* End PBXSourcesBuildPhase section */

/* Begin PBXTargetDependency section */
		B5BF5B462ABDC457008C53F4 /* PBXTargetDependency */ = {
			isa = PBXTargetDependency;
			target = B5BF5B2D2ABDC455008C53F4 /* WorldPang */;
			targetProxy = B5BF5B452ABDC457008C53F4 /* PBXContainerItemProxy */;
		};
		B5BF5B502ABDC457008C53F4 /* PBXTargetDependency */ = {
			isa = PBXTargetDependency;
			target = B5BF5B2D2ABDC455008C53F4 /* WorldPang */;
			targetProxy = B5BF5B4F2ABDC457008C53F4 /* PBXContainerItemProxy */;
		};
/* End PBXTargetDependency section */

/* Begin PBXVariantGroup section */
		B5BF5B372ABDC455008C53F4 /* Main.storyboard */ = {
			isa = PBXVariantGroup;
			children = (
				B5BF5B382ABDC455008C53F4 /* Base */,
			);
			name = Main.storyboard;
			sourceTree = "<group>";
		};
		B5BF5B3C2ABDC456008C53F4 /* LaunchScreen.storyboard */ = {
			isa = PBXVariantGroup;
			children = (
				B5BF5B3D2ABDC456008C53F4 /* Base */,
			);
			name = LaunchScreen.storyboard;
			sourceTree = "<group>";
		};
/* End PBXVariantGroup section */

/* Begin XCBuildConfiguration section */
		B5BF5B562ABDC457008C53F4 /* Debug */ = {
			isa = XCBuildConfiguration;
			buildSettings = {
				ALWAYS_SEARCH_USER_PATHS = NO;
				ASSETCATALOG_COMPILER_GENERATE_SWIFT_ASSET_SYMBOL_EXTENSIONS = YES;
				CLANG_ANALYZER_NONNULL = YES;
				CLANG_ANALYZER_NUMBER_OBJECT_CONVERSION = YES_AGGRESSIVE;
				CLANG_CXX_LANGUAGE_STANDARD = "gnu++20";
				CLANG_ENABLE_MODULES = YES;
				CLANG_ENABLE_OBJC_ARC = YES;
				CLANG_ENABLE_OBJC_WEAK = YES;
				CLANG_WARN_BLOCK_CAPTURE_AUTORELEASING = YES;
				CLANG_WARN_BOOL_CONVERSION = YES;
				CLANG_WARN_COMMA = YES;
				CLANG_WARN_CONSTANT_CONVERSION = YES;
				CLANG_WARN_DEPRECATED_OBJC_IMPLEMENTATIONS = YES;
				CLANG_WARN_DIRECT_OBJC_ISA_USAGE = YES_ERROR;
				CLANG_WARN_DOCUMENTATION_COMMENTS = YES;
				CLANG_WARN_EMPTY_BODY = YES;
				CLANG_WARN_ENUM_CONVERSION = YES;
				CLANG_WARN_INFINITE_RECURSION = YES;
				CLANG_WARN_INT_CONVERSION = YES;
				CLANG_WARN_NON_LITERAL_NULL_CONVERSION = YES;
				CLANG_WARN_OBJC_IMPLICIT_RETAIN_SELF = YES;
				CLANG_WARN_OBJC_LITERAL_CONVERSION = YES;
				CLANG_WARN_OBJC_ROOT_CLASS = YES_ERROR;
				CLANG_WARN_QUOTED_INCLUDE_IN_FRAMEWORK_HEADER = YES;
				CLANG_WARN_RANGE_LOOP_ANALYSIS = YES;
				CLANG_WARN_STRICT_PROTOTYPES = YES;
				CLANG_WARN_SUSPICIOUS_MOVE = YES;
				CLANG_WARN_UNGUARDED_AVAILABILITY = YES_AGGRESSIVE;
				CLANG_WARN_UNREACHABLE_CODE = YES;
				CLANG_WARN__DUPLICATE_METHOD_MATCH = YES;
				COPY_PHASE_STRIP = NO;
				DEBUG_INFORMATION_FORMAT = dwarf;
				ENABLE_STRICT_OBJC_MSGSEND = YES;
				ENABLE_TESTABILITY = YES;
				ENABLE_USER_SCRIPT_SANDBOXING = YES;
				GCC_C_LANGUAGE_STANDARD = gnu17;
				GCC_DYNAMIC_NO_PIC = NO;
				GCC_NO_COMMON_BLOCKS = YES;
				GCC_OPTIMIZATION_LEVEL = 0;
				GCC_PREPROCESSOR_DEFINITIONS = (
					"DEBUG=1",
					"$(inherited)",
				);
				GCC_WARN_64_TO_32_BIT_CONVERSION = YES;
				GCC_WARN_ABOUT_RETURN_TYPE = YES_ERROR;
				GCC_WARN_UNDECLARED_SELECTOR = YES;
				GCC_WARN_UNINITIALIZED_AUTOS = YES_AGGRESSIVE;
				GCC_WARN_UNUSED_FUNCTION = YES;
				GCC_WARN_UNUSED_VARIABLE = YES;
				IPHONEOS_DEPLOYMENT_TARGET = 16.4;
				LOCALIZATION_PREFERS_STRING_CATALOGS = YES;
				MTL_ENABLE_DEBUG_INFO = INCLUDE_SOURCE;
				MTL_FAST_MATH = YES;
				ONLY_ACTIVE_ARCH = YES;
				SDKROOT = iphoneos;
				SWIFT_ACTIVE_COMPILATION_CONDITIONS = "DEBUG $(inherited)";
				SWIFT_OPTIMIZATION_LEVEL = "-Onone";
			};
			name = Debug;
		};
		B5BF5B572ABDC457008C53F4 /* Release */ = {
			isa = XCBuildConfiguration;
			buildSettings = {
				ALWAYS_SEARCH_USER_PATHS = NO;
				ASSETCATALOG_COMPILER_GENERATE_SWIFT_ASSET_SYMBOL_EXTENSIONS = YES;
				CLANG_ANALYZER_NONNULL = YES;
				CLANG_ANALYZER_NUMBER_OBJECT_CONVERSION = YES_AGGRESSIVE;
				CLANG_CXX_LANGUAGE_STANDARD = "gnu++20";
				CLANG_ENABLE_MODULES = YES;
				CLANG_ENABLE_OBJC_ARC = YES;
				CLANG_ENABLE_OBJC_WEAK = YES;
				CLANG_WARN_BLOCK_CAPTURE_AUTORELEASING = YES;
				CLANG_WARN_BOOL_CONVERSION = YES;
				CLANG_WARN_COMMA = YES;
				CLANG_WARN_CONSTANT_CONVERSION = YES;
				CLANG_WARN_DEPRECATED_OBJC_IMPLEMENTATIONS = YES;
				CLANG_WARN_DIRECT_OBJC_ISA_USAGE = YES_ERROR;
				CLANG_WARN_DOCUMENTATION_COMMENTS = YES;
				CLANG_WARN_EMPTY_BODY = YES;
				CLANG_WARN_ENUM_CONVERSION = YES;
				CLANG_WARN_INFINITE_RECURSION = YES;
				CLANG_WARN_INT_CONVERSION = YES;
				CLANG_WARN_NON_LITERAL_NULL_CONVERSION = YES;
				CLANG_WARN_OBJC_IMPLICIT_RETAIN_SELF = YES;
				CLANG_WARN_OBJC_LITERAL_CONVERSION = YES;
				CLANG_WARN_OBJC_ROOT_CLASS = YES_ERROR;
				CLANG_WARN_QUOTED_INCLUDE_IN_FRAMEWORK_HEADER = YES;
				CLANG_WARN_RANGE_LOOP_ANALYSIS = YES;
				CLANG_WARN_STRICT_PROTOTYPES = YES;
				CLANG_WARN_SUSPICIOUS_MOVE = YES;
				CLANG_WARN_UNGUARDED_AVAILABILITY = YES_AGGRESSIVE;
				CLANG_WARN_UNREACHABLE_CODE = YES;
				CLANG_WARN__DUPLICATE_METHOD_MATCH = YES;
				COPY_PHASE_STRIP = NO;
				DEBUG_INFORMATION_FORMAT = "dwarf-with-dsym";
				ENABLE_NS_ASSERTIONS = NO;
				ENABLE_STRICT_OBJC_MSGSEND = YES;
				ENABLE_USER_SCRIPT_SANDBOXING = YES;
				GCC_C_LANGUAGE_STANDARD = gnu17;
				GCC_NO_COMMON_BLOCKS = YES;
				GCC_WARN_64_TO_32_BIT_CONVERSION = YES;
				GCC_WARN_ABOUT_RETURN_TYPE = YES_ERROR;
				GCC_WARN_UNDECLARED_SELECTOR = YES;
				GCC_WARN_UNINITIALIZED_AUTOS = YES_AGGRESSIVE;
				GCC_WARN_UNUSED_FUNCTION = YES;
				GCC_WARN_UNUSED_VARIABLE = YES;
				IPHONEOS_DEPLOYMENT_TARGET = 16.4;
				LOCALIZATION_PREFERS_STRING_CATALOGS = YES;
				MTL_ENABLE_DEBUG_INFO = NO;
				MTL_FAST_MATH = YES;
				SDKROOT = iphoneos;
				SWIFT_COMPILATION_MODE = wholemodule;
				VALIDATE_PRODUCT = YES;
			};
			name = Release;
		};
		B5BF5B592ABDC457008C53F4 /* Debug */ = {
			isa = XCBuildConfiguration;
			baseConfigurationReference = 0023D9D14C554245FB086889 /* Pods-WorldPang.debug.xcconfig */;
			buildSettings = {
				ASSETCATALOG_COMPILER_APPICON_NAME = AppIcon;
				ASSETCATALOG_COMPILER_GLOBAL_ACCENT_COLOR_NAME = AccentColor;
				CODE_SIGN_ENTITLEMENTS = WorldPang/WorldPang.entitlements;
				CODE_SIGN_STYLE = Automatic;
				CURRENT_PROJECT_VERSION = 1;
				DEVELOPMENT_TEAM = AU24ZRJ649;
				ENABLE_USER_SCRIPT_SANDBOXING = NO;
				GENERATE_INFOPLIST_FILE = YES;
				INFOPLIST_FILE = WorldPang/Info.plist;
				INFOPLIST_KEY_NSCameraUsageDescription = "This application will use the camera for Augmented Reality.";
				INFOPLIST_KEY_UIApplicationSupportsIndirectInputEvents = YES;
				INFOPLIST_KEY_UILaunchStoryboardName = LaunchScreen;
				INFOPLIST_KEY_UIMainStoryboardFile = Main;
				INFOPLIST_KEY_UISupportedInterfaceOrientations_iPad = "UIInterfaceOrientationPortrait UIInterfaceOrientationPortraitUpsideDown UIInterfaceOrientationLandscapeLeft UIInterfaceOrientationLandscapeRight";
				INFOPLIST_KEY_UISupportedInterfaceOrientations_iPhone = "UIInterfaceOrientationPortrait UIInterfaceOrientationLandscapeLeft UIInterfaceOrientationLandscapeRight";
				IPHONEOS_DEPLOYMENT_TARGET = 16.4;
				LD_RUNPATH_SEARCH_PATHS = (
					"$(inherited)",
					"@executable_path/Frameworks",
				);
				MARKETING_VERSION = 1.0;
				PRODUCT_BUNDLE_IDENTIFIER = Minjae.WorldPang;
				PRODUCT_NAME = "$(TARGET_NAME)";
				SWIFT_EMIT_LOC_STRINGS = YES;
				SWIFT_VERSION = 5.0;
				TARGETED_DEVICE_FAMILY = "1,2";
			};
			name = Debug;
		};
		B5BF5B5A2ABDC457008C53F4 /* Release */ = {
			isa = XCBuildConfiguration;
			baseConfigurationReference = 6AF9080F5DF366FAA0A01FA8 /* Pods-WorldPang.release.xcconfig */;
			buildSettings = {
				ASSETCATALOG_COMPILER_APPICON_NAME = AppIcon;
				ASSETCATALOG_COMPILER_GLOBAL_ACCENT_COLOR_NAME = AccentColor;
				CODE_SIGN_ENTITLEMENTS = WorldPang/WorldPang.entitlements;
				CODE_SIGN_STYLE = Automatic;
				CURRENT_PROJECT_VERSION = 1;
				DEVELOPMENT_TEAM = AU24ZRJ649;
				ENABLE_USER_SCRIPT_SANDBOXING = NO;
				GENERATE_INFOPLIST_FILE = YES;
				INFOPLIST_FILE = WorldPang/Info.plist;
				INFOPLIST_KEY_NSCameraUsageDescription = "This application will use the camera for Augmented Reality.";
				INFOPLIST_KEY_UIApplicationSupportsIndirectInputEvents = YES;
				INFOPLIST_KEY_UILaunchStoryboardName = LaunchScreen;
				INFOPLIST_KEY_UIMainStoryboardFile = Main;
				INFOPLIST_KEY_UISupportedInterfaceOrientations_iPad = "UIInterfaceOrientationPortrait UIInterfaceOrientationPortraitUpsideDown UIInterfaceOrientationLandscapeLeft UIInterfaceOrientationLandscapeRight";
				INFOPLIST_KEY_UISupportedInterfaceOrientations_iPhone = "UIInterfaceOrientationPortrait UIInterfaceOrientationLandscapeLeft UIInterfaceOrientationLandscapeRight";
				IPHONEOS_DEPLOYMENT_TARGET = 16.4;
				LD_RUNPATH_SEARCH_PATHS = (
					"$(inherited)",
					"@executable_path/Frameworks",
				);
				MARKETING_VERSION = 1.0;
				PRODUCT_BUNDLE_IDENTIFIER = Minjae.WorldPang;
				PRODUCT_NAME = "$(TARGET_NAME)";
				SWIFT_EMIT_LOC_STRINGS = YES;
				SWIFT_VERSION = 5.0;
				TARGETED_DEVICE_FAMILY = "1,2";
			};
			name = Release;
		};
		B5BF5B5C2ABDC457008C53F4 /* Debug */ = {
			isa = XCBuildConfiguration;
			baseConfigurationReference = 21C1DFD36964F471BF6E4A33 /* Pods-WorldPangTests.debug.xcconfig */;
			buildSettings = {
				ALWAYS_EMBED_SWIFT_STANDARD_LIBRARIES = YES;
				BUNDLE_LOADER = "$(TEST_HOST)";
				CODE_SIGN_STYLE = Automatic;
				CURRENT_PROJECT_VERSION = 1;
				DEVELOPMENT_TEAM = AU24ZRJ649;
				GENERATE_INFOPLIST_FILE = YES;
				IPHONEOS_DEPLOYMENT_TARGET = 17.0;
				MARKETING_VERSION = 1.0;
				PRODUCT_BUNDLE_IDENTIFIER = Minjae.WorldPangTests;
				PRODUCT_NAME = "$(TARGET_NAME)";
				SWIFT_EMIT_LOC_STRINGS = NO;
				SWIFT_VERSION = 5.0;
				TARGETED_DEVICE_FAMILY = "1,2";
				TEST_HOST = "$(BUILT_PRODUCTS_DIR)/WorldPang.app/$(BUNDLE_EXECUTABLE_FOLDER_PATH)/WorldPang";
			};
			name = Debug;
		};
		B5BF5B5D2ABDC457008C53F4 /* Release */ = {
			isa = XCBuildConfiguration;
			baseConfigurationReference = 23FE8BB215476BC341C4A3E3 /* Pods-WorldPangTests.release.xcconfig */;
			buildSettings = {
				ALWAYS_EMBED_SWIFT_STANDARD_LIBRARIES = YES;
				BUNDLE_LOADER = "$(TEST_HOST)";
				CODE_SIGN_STYLE = Automatic;
				CURRENT_PROJECT_VERSION = 1;
				DEVELOPMENT_TEAM = AU24ZRJ649;
				GENERATE_INFOPLIST_FILE = YES;
				IPHONEOS_DEPLOYMENT_TARGET = 17.0;
				MARKETING_VERSION = 1.0;
				PRODUCT_BUNDLE_IDENTIFIER = Minjae.WorldPangTests;
				PRODUCT_NAME = "$(TARGET_NAME)";
				SWIFT_EMIT_LOC_STRINGS = NO;
				SWIFT_VERSION = 5.0;
				TARGETED_DEVICE_FAMILY = "1,2";
				TEST_HOST = "$(BUILT_PRODUCTS_DIR)/WorldPang.app/$(BUNDLE_EXECUTABLE_FOLDER_PATH)/WorldPang";
			};
			name = Release;
		};
		B5BF5B5F2ABDC457008C53F4 /* Debug */ = {
			isa = XCBuildConfiguration;
			baseConfigurationReference = D23DB73F9A80A0079F54CEC2 /* Pods-WorldPang-WorldPangUITests.debug.xcconfig */;
			buildSettings = {
				ALWAYS_EMBED_SWIFT_STANDARD_LIBRARIES = YES;
				CODE_SIGN_STYLE = Automatic;
				CURRENT_PROJECT_VERSION = 1;
				DEVELOPMENT_TEAM = AU24ZRJ649;
				GENERATE_INFOPLIST_FILE = YES;
				MARKETING_VERSION = 1.0;
				PRODUCT_BUNDLE_IDENTIFIER = Minjae.WorldPangUITests;
				PRODUCT_NAME = "$(TARGET_NAME)";
				SWIFT_EMIT_LOC_STRINGS = NO;
				SWIFT_VERSION = 5.0;
				TARGETED_DEVICE_FAMILY = "1,2";
				TEST_TARGET_NAME = WorldPang;
			};
			name = Debug;
		};
		B5BF5B602ABDC457008C53F4 /* Release */ = {
			isa = XCBuildConfiguration;
			baseConfigurationReference = CB6E894BBE345D15837E3220 /* Pods-WorldPang-WorldPangUITests.release.xcconfig */;
			buildSettings = {
				ALWAYS_EMBED_SWIFT_STANDARD_LIBRARIES = YES;
				CODE_SIGN_STYLE = Automatic;
				CURRENT_PROJECT_VERSION = 1;
				DEVELOPMENT_TEAM = AU24ZRJ649;
				GENERATE_INFOPLIST_FILE = YES;
				MARKETING_VERSION = 1.0;
				PRODUCT_BUNDLE_IDENTIFIER = Minjae.WorldPangUITests;
				PRODUCT_NAME = "$(TARGET_NAME)";
				SWIFT_EMIT_LOC_STRINGS = NO;
				SWIFT_VERSION = 5.0;
				TARGETED_DEVICE_FAMILY = "1,2";
				TEST_TARGET_NAME = WorldPang;
			};
			name = Release;
		};
/* End XCBuildConfiguration section */

/* Begin XCConfigurationList section */
		B5BF5B292ABDC455008C53F4 /* Build configuration list for PBXProject "WorldPang" */ = {
			isa = XCConfigurationList;
			buildConfigurations = (
				B5BF5B562ABDC457008C53F4 /* Debug */,
				B5BF5B572ABDC457008C53F4 /* Release */,
			);
			defaultConfigurationIsVisible = 0;
			defaultConfigurationName = Release;
		};
		B5BF5B582ABDC457008C53F4 /* Build configuration list for PBXNativeTarget "WorldPang" */ = {
			isa = XCConfigurationList;
			buildConfigurations = (
				B5BF5B592ABDC457008C53F4 /* Debug */,
				B5BF5B5A2ABDC457008C53F4 /* Release */,
			);
			defaultConfigurationIsVisible = 0;
			defaultConfigurationName = Release;
		};
		B5BF5B5B2ABDC457008C53F4 /* Build configuration list for PBXNativeTarget "WorldPangTests" */ = {
			isa = XCConfigurationList;
			buildConfigurations = (
				B5BF5B5C2ABDC457008C53F4 /* Debug */,
				B5BF5B5D2ABDC457008C53F4 /* Release */,
			);
			defaultConfigurationIsVisible = 0;
			defaultConfigurationName = Release;
		};
		B5BF5B5E2ABDC457008C53F4 /* Build configuration list for PBXNativeTarget "WorldPangUITests" */ = {
			isa = XCConfigurationList;
			buildConfigurations = (
				B5BF5B5F2ABDC457008C53F4 /* Debug */,
				B5BF5B602ABDC457008C53F4 /* Release */,
			);
			defaultConfigurationIsVisible = 0;
			defaultConfigurationName = Release;
		};
/* End XCConfigurationList section */
	};
	rootObject = B5BF5B262ABDC455008C53F4 /* Project object */;
}
